
Microsoft Visual Studio Solution File, Format Version 12.00
# Visual Studio Version 17
VisualStudioVersion = 17.0.31903.59
MinimumVisualStudioVersion = 10.0.40219.1
Project("{2150E333-8FDC-42A3-9474-1A3956D46DE8}") = "src", "src", "{827E0CD3-B72D-47B6-A68D-7590B98EB39B}"
EndProject
Project("{FAE04EC0-301F-11D3-BF4B-00C04F79EFBC}") = "HdLabs.Common", "src\HdLabs.Common\HdLabs.Common.csproj", "{6B177423-C4D7-4270-881C-994D6D3B655A}"
EndProject
Project("{FAE04EC0-301F-11D3-BF4B-00C04F79EFBC}") = "HdLabs.Capture", "src\HdLabs.Capture\HdLabs.Capture.csproj", "{AADABE80-A6F0-492E-9F33-35ED19FF8A1B}"
EndProject
Project("{FAE04EC0-301F-11D3-BF4B-00C04F79EFBC}") = "HdLabs.Zip", "src\HdLabs.Zip\HdLabs.Zip.csproj", "{25AE321D-B38D-49C3-8B3C-F725D14004B8}"
EndProject
Project("{FAE04EC0-301F-11D3-BF4B-00C04F79EFBC}") = "HdLabs.Finder", "src\HdLabs.Finder\HdLabs.Finder.csproj", "{AB2D03AA-45BC-40DE-A40C-BCFE1506AB90}"
EndProject
Project("{FAE04EC0-301F-11D3-BF4B-00C04F79EFBC}") = "HdLabs.Memo", "src\HdLabs.Memo\HdLabs.Memo.csproj", "{93979325-94E3-4FE4-879D-8F1AB2604162}"
EndProject
Project("{FAE04EC0-301F-11D3-BF4B-00C04F79EFBC}") = "HdLabs.Cam", "src\HdLabs.Cam\HdLabs.Cam.csproj", "{62CF36A5-5E0F-456F-8AE2-79B0DC0EA343}"
EndProject
Project("{FAE04EC0-301F-11D3-BF4B-00C04F79EFBC}") = "HdLabs.Down", "src\HdLabs.Down\HdLabs.Down.csproj", "{994A5E59-3A5F-484C-931F-35C5BEF525FF}"
EndProject
Global
	GlobalSection(SolutionConfigurationPlatforms) = preSolution
		Debug|Any CPU = Debug|Any CPU
		Debug|x64 = Debug|x64
		Debug|x86 = Debug|x86
		Release|Any CPU = Release|Any CPU
		Release|x64 = Release|x64
		Release|x86 = Release|x86
	EndGlobalSection
	GlobalSection(ProjectConfigurationPlatforms) = postSolution
		{6B177423-C4D7-4270-881C-994D6D3B655A}.Debug|Any CPU.ActiveCfg = Debug|Any CPU
		{6B177423-C4D7-4270-881C-994D6D3B655A}.Debug|Any CPU.Build.0 = Debug|Any CPU
		{6B177423-C4D7-4270-881C-994D6D3B655A}.Debug|x64.ActiveCfg = Debug|Any CPU
		{6B177423-C4D7-4270-881C-994D6D3B655A}.Debug|x64.Build.0 = Debug|Any CPU
		{6B177423-C4D7-4270-881C-994D6D3B655A}.Debug|x86.ActiveCfg = Debug|Any CPU
		{6B177423-C4D7-4270-881C-994D6D3B655A}.Debug|x86.Build.0 = Debug|Any CPU
		{6B177423-C4D7-4270-881C-994D6D3B655A}.Release|Any CPU.ActiveCfg = Release|Any CPU
		{6B177423-C4D7-4270-881C-994D6D3B655A}.Release|Any CPU.Build.0 = Release|Any CPU
		{6B177423-C4D7-4270-881C-994D6D3B655A}.Release|x64.ActiveCfg = Release|Any CPU
		{6B177423-C4D7-4270-881C-994D6D3B655A}.Release|x64.Build.0 = Release|Any CPU
		{6B177423-C4D7-4270-881C-994D6D3B655A}.Release|x86.ActiveCfg = Release|Any CPU
		{6B177423-C4D7-4270-881C-994D6D3B655A}.Release|x86.Build.0 = Release|Any CPU
		{AADABE80-A6F0-492E-9F33-35ED19FF8A1B}.Debug|Any CPU.ActiveCfg = Debug|Any CPU
		{AADABE80-A6F0-492E-9F33-35ED19FF8A1B}.Debug|Any CPU.Build.0 = Debug|Any CPU
		{AADABE80-A6F0-492E-9F33-35ED19FF8A1B}.Debug|x64.ActiveCfg = Debug|Any CPU
		{AADABE80-A6F0-492E-9F33-35ED19FF8A1B}.Debug|x64.Build.0 = Debug|Any CPU
		{AADABE80-A6F0-492E-9F33-35ED19FF8A1B}.Debug|x86.ActiveCfg = Debug|Any CPU
		{AADABE80-A6F0-492E-9F33-35ED19FF8A1B}.Debug|x86.Build.0 = Debug|Any CPU
		{AADABE80-A6F0-492E-9F33-35ED19FF8A1B}.Release|Any CPU.ActiveCfg = Release|Any CPU
		{AADABE80-A6F0-492E-9F33-35ED19FF8A1B}.Release|Any CPU.Build.0 = Release|Any CPU
		{AADABE80-A6F0-492E-9F33-35ED19FF8A1B}.Release|x64.ActiveCfg = Release|Any CPU
		{AADABE80-A6F0-492E-9F33-35ED19FF8A1B}.Release|x64.Build.0 = Release|Any CPU
		{AADABE80-A6F0-492E-9F33-35ED19FF8A1B}.Release|x86.ActiveCfg = Release|Any CPU
		{AADABE80-A6F0-492E-9F33-35ED19FF8A1B}.Release|x86.Build.0 = Release|Any CPU
		{25AE321D-B38D-49C3-8B3C-F725D14004B8}.Debug|Any CPU.ActiveCfg = Debug|Any CPU
		{25AE321D-B38D-49C3-8B3C-F725D14004B8}.Debug|Any CPU.Build.0 = Debug|Any CPU
		{25AE321D-B38D-49C3-8B3C-F725D14004B8}.Debug|x64.ActiveCfg = Debug|Any CPU
		{25AE321D-B38D-49C3-8B3C-F725D14004B8}.Debug|x64.Build.0 = Debug|Any CPU
		{25AE321D-B38D-49C3-8B3C-F725D14004B8}.Debug|x86.ActiveCfg = Debug|Any CPU
		{25AE321D-B38D-49C3-8B3C-F725D14004B8}.Debug|x86.Build.0 = Debug|Any CPU
		{25AE321D-B38D-49C3-8B3C-F725D14004B8}.Release|Any CPU.ActiveCfg = Release|Any CPU
		{25AE321D-B38D-49C3-8B3C-F725D14004B8}.Release|Any CPU.Build.0 = Release|Any CPU
		{25AE321D-B38D-49C3-8B3C-F725D14004B8}.Release|x64.ActiveCfg = Release|Any CPU
		{25AE321D-B38D-49C3-8B3C-F725D14004B8}.Release|x64.Build.0 = Release|Any CPU
		{25AE321D-B38D-49C3-8B3C-F725D14004B8}.Release|x86.ActiveCfg = Release|Any CPU
		{25AE321D-B38D-49C3-8B3C-F725D14004B8}.Release|x86.Build.0 = Release|Any CPU
		{AB2D03AA-45BC-40DE-A40C-BCFE1506AB90}.Debug|Any CPU.ActiveCfg = Debug|Any CPU
		{AB2D03AA-45BC-40DE-A40C-BCFE1506AB90}.Debug|Any CPU.Build.0 = Debug|Any CPU
		{AB2D03AA-45BC-40DE-A40C-BCFE1506AB90}.Debug|x64.ActiveCfg = Debug|Any CPU
		{AB2D03AA-45BC-40DE-A40C-BCFE1506AB90}.Debug|x64.Build.0 = Debug|Any CPU
		{AB2D03AA-45BC-40DE-A40C-BCFE1506AB90}.Debug|x86.ActiveCfg = Debug|Any CPU
		{AB2D03AA-45BC-40DE-A40C-BCFE1506AB90}.Debug|x86.Build.0 = Debug|Any CPU
		{AB2D03AA-45BC-40DE-A40C-BCFE1506AB90}.Release|Any CPU.ActiveCfg = Release|Any CPU
		{AB2D03AA-45BC-40DE-A40C-BCFE1506AB90}.Release|Any CPU.Build.0 = Release|Any CPU
		{AB2D03AA-45BC-40DE-A40C-BCFE1506AB90}.Release|x64.ActiveCfg = Release|Any CPU
		{AB2D03AA-45BC-40DE-A40C-BCFE1506AB90}.Release|x64.Build.0 = Release|Any CPU
		{AB2D03AA-45BC-40DE-A40C-BCFE1506AB90}.Release|x86.ActiveCfg = Release|Any CPU
		{AB2D03AA-45BC-40DE-A40C-BCFE1506AB90}.Release|x86.Build.0 = Release|Any CPU
		{93979325-94E3-4FE4-879D-8F1AB2604162}.Debug|Any CPU.ActiveCfg = Debug|Any CPU
		{93979325-94E3-4FE4-879D-8F1AB2604162}.Debug|Any CPU.Build.0 = Debug|Any CPU
		{93979325-94E3-4FE4-879D-8F1AB2604162}.Debug|x64.ActiveCfg = Debug|Any CPU
		{93979325-94E3-4FE4-879D-8F1AB2604162}.Debug|x64.Build.0 = Debug|Any CPU
		{93979325-94E3-4FE4-879D-8F1AB2604162}.Debug|x86.ActiveCfg = Debug|Any CPU
		{93979325-94E3-4FE4-879D-8F1AB2604162}.Debug|x86.Build.0 = Debug|Any CPU
		{93979325-94E3-4FE4-879D-8F1AB2604162}.Release|Any CPU.ActiveCfg = Release|Any CPU
		{93979325-94E3-4FE4-879D-8F1AB2604162}.Release|Any CPU.Build.0 = Release|Any CPU
		{93979325-94E3-4FE4-879D-8F1AB2604162}.Release|x64.ActiveCfg = Release|Any CPU
		{93979325-94E3-4FE4-879D-8F1AB2604162}.Release|x64.Build.0 = Release|Any CPU
		{93979325-94E3-4FE4-879D-8F1AB2604162}.Release|x86.ActiveCfg = Release|Any CPU
		{93979325-94E3-4FE4-879D-8F1AB2604162}.Release|x86.Build.0 = Release|Any CPU
		{62CF36A5-5E0F-456F-8AE2-79B0DC0EA343}.Debug|Any CPU.ActiveCfg = Debug|Any CPU
		{62CF36A5-5E0F-456F-8AE2-79B0DC0EA343}.Debug|Any CPU.Build.0 = Debug|Any CPU
		{62CF36A5-5E0F-456F-8AE2-79B0DC0EA343}.Debug|x64.ActiveCfg = Debug|Any CPU
		{62CF36A5-5E0F-456F-8AE2-79B0DC0EA343}.Debug|x64.Build.0 = Debug|Any CPU
		{62CF36A5-5E0F-456F-8AE2-79B0DC0EA343}.Debug|x86.ActiveCfg = Debug|Any CPU
		{62CF36A5-5E0F-456F-8AE2-79B0DC0EA343}.Debug|x86.Build.0 = Debug|Any CPU
		{62CF36A5-5E0F-456F-8AE2-79B0DC0EA343}.Release|Any CPU.ActiveCfg = Release|Any CPU
		{62CF36A5-5E0F-456F-8AE2-79B0DC0EA343}.Release|Any CPU.Build.0 = Release|Any CPU
		{62CF36A5-5E0F-456F-8AE2-79B0DC0EA343}.Release|x64.ActiveCfg = Release|Any CPU
		{62CF36A5-5E0F-456F-8AE2-79B0DC0EA343}.Release|x64.Build.0 = Release|Any CPU
		{62CF36A5-5E0F-456F-8AE2-79B0DC0EA343}.Release|x86.ActiveCfg = Release|Any CPU
		{62CF36A5-5E0F-456F-8AE2-79B0DC0EA343}.Release|x86.Build.0 = Release|Any CPU
		{994A5E59-3A5F-484C-931F-35C5BEF525FF}.Debug|Any CPU.ActiveCfg = Debug|Any CPU
		{994A5E59-3A5F-484C-931F-35C5BEF525FF}.Debug|Any CPU.Build.0 = Debug|Any CPU
		{994A5E59-3A5F-484C-931F-35C5BEF525FF}.Debug|x64.ActiveCfg = Debug|Any CPU
		{994A5E59-3A5F-484C-931F-35C5BEF525FF}.Debug|x64.Build.0 = Debug|Any CPU
		{994A5E59-3A5F-484C-931F-35C5BEF525FF}.Debug|x86.ActiveCfg = Debug|Any CPU
		{994A5E59-3A5F-484C-931F-35C5BEF525FF}.Debug|x86.Build.0 = Debug|Any CPU
		{994A5E59-3A5F-484C-931F-35C5BEF525FF}.Release|Any CPU.ActiveCfg = Release|Any CPU
		{994A5E59-3A5F-484C-931F-35C5BEF525FF}.Release|Any CPU.Build.0 = Release|Any CPU
		{994A5E59-3A5F-484C-931F-35C5BEF525FF}.Release|x64.ActiveCfg = Release|Any CPU
		{994A5E59-3A5F-484C-931F-35C5BEF525FF}.Release|x64.Build.0 = Release|Any CPU
		{994A5E59-3A5F-484C-931F-35C5BEF525FF}.Release|x86.ActiveCfg = Release|Any CPU
		{994A5E59-3A5F-484C-931F-35C5BEF525FF}.Release|x86.Build.0 = Release|Any CPU
	EndGlobalSection
	GlobalSection(SolutionProperties) = preSolution
		HideSolutionNode = FALSE
	EndGlobalSection
	GlobalSection(NestedProjects) = preSolution
		{6B177423-C4D7-4270-881C-994D6D3B655A} = {827E0CD3-B72D-47B6-A68D-7590B98EB39B}
		{AADABE80-A6F0-492E-9F33-35ED19FF8A1B} = {827E0CD3-B72D-47B6-A68D-7590B98EB39B}
		{25AE321D-B38D-49C3-8B3C-F725D14004B8} = {827E0CD3-B72D-47B6-A68D-7590B98EB39B}
		{AB2D03AA-45BC-40DE-A40C-BCFE1506AB90} = {827E0CD3-B72D-47B6-A68D-7590B98EB39B}
		{93979325-94E3-4FE4-879D-8F1AB2604162} = {827E0CD3-B72D-47B6-A68D-7590B98EB39B}
		{62CF36A5-5E0F-456F-8AE2-79B0DC0EA343} = {827E0CD3-B72D-47B6-A68D-7590B98EB39B}
		{994A5E59-3A5F-484C-931F-35C5BEF525FF} = {827E0CD3-B72D-47B6-A68D-7590B98EB39B}
	EndGlobalSection
EndGlobal
